
Microsoft Visual Studio Solution File, Format Version 12.00
# Visual Studio 15
VisualStudioVersion = 15.0.27004.2002
MinimumVisualStudioVersion = 10.0.40219.1
Project("{FAE04EC0-301F-11D3-BF4B-00C04F79EFBC}") = "WorkflowEngine", "WorkflowEngine\WorkflowEngine.csproj", "{23CF2988-24CB-4D00-8E42-52B02C731EC4}"
EndProject
Global
	GlobalSection(SolutionConfigurationPlatforms) = preSolution
		Debug|Any CPU = Debug|Any CPU
		Release|Any CPU = Release|Any CPU
	EndGlobalSection
	GlobalSection(ProjectConfigurationPlatforms) = postSolution
		{23CF2988-24CB-4D00-8E42-52B02C731EC4}.Debug|Any CPU.ActiveCfg = Debug|Any CPU
		{23CF2988-24CB-4D00-8E42-52B02C731EC4}.Debug|Any CPU.Build.0 = Debug|Any CPU
		{23CF2988-24CB-4D00-8E42-52B02C731EC4}.Release|Any CPU.ActiveCfg = Release|Any CPU
		{23CF2988-24CB-4D00-8E42-52B02C731EC4}.Release|Any CPU.Build.0 = Release|Any CPU
	EndGlobalSection
	GlobalSection(SolutionProperties) = preSolution
		HideSolutionNode = FALSE
	EndGlobalSection
	GlobalSection(ExtensibilityGlobals) = postSolution
		SolutionGuid = {C3D9DBF1-5E78-4BBF-8371-5152467805F9}
	EndGlobalSection
EndGlobal
